
Microsoft Visual Studio Solution File, Format Version 12.00
# Visual Studio Version 16
VisualStudioVersion = 16.0.30804.86
MinimumVisualStudioVersion = 10.0.40219.1
Project("{9A19103F-16F7-4668-BE54-9A1E7A4F7556}") = "FacadeService", "FacadeService\FacadeService.csproj", "{E8E75C71-6440-4C5C-A482-5E15490B04CC}"
EndProject
Project("{FAE04EC0-301F-11D3-BF4B-00C04F79EFBC}") = "LoggingService", "LoggingService\LoggingService.csproj", "{486EF010-A387-4666-ACB4-8F6E91D85D73}"
EndProject
Project("{FAE04EC0-301F-11D3-BF4B-00C04F79EFBC}") = "MessagesService", "MessagesService\MessagesService.csproj", "{327AC45B-2382-40A1-A3B1-C47E37A47B45}"
EndProject
Global
	GlobalSection(SolutionConfigurationPlatforms) = preSolution
		Debug|Any CPU = Debug|Any CPU
		Release|Any CPU = Release|Any CPU
	EndGlobalSection
	GlobalSection(ProjectConfigurationPlatforms) = postSolution
		{E8E75C71-6440-4C5C-A482-5E15490B04CC}.Debug|Any CPU.ActiveCfg = Debug|Any CPU
		{E8E75C71-6440-4C5C-A482-5E15490B04CC}.Debug|Any CPU.Build.0 = Debug|Any CPU
		{E8E75C71-6440-4C5C-A482-5E15490B04CC}.Release|Any CPU.ActiveCfg = Release|Any CPU
		{E8E75C71-6440-4C5C-A482-5E15490B04CC}.Release|Any CPU.Build.0 = Release|Any CPU
		{486EF010-A387-4666-ACB4-8F6E91D85D73}.Debug|Any CPU.ActiveCfg = Debug|Any CPU
		{486EF010-A387-4666-ACB4-8F6E91D85D73}.Debug|Any CPU.Build.0 = Debug|Any CPU
		{486EF010-A387-4666-ACB4-8F6E91D85D73}.Release|Any CPU.ActiveCfg = Release|Any CPU
		{486EF010-A387-4666-ACB4-8F6E91D85D73}.Release|Any CPU.Build.0 = Release|Any CPU
		{327AC45B-2382-40A1-A3B1-C47E37A47B45}.Debug|Any CPU.ActiveCfg = Debug|Any CPU
		{327AC45B-2382-40A1-A3B1-C47E37A47B45}.Debug|Any CPU.Build.0 = Debug|Any CPU
		{327AC45B-2382-40A1-A3B1-C47E37A47B45}.Release|Any CPU.ActiveCfg = Release|Any CPU
		{327AC45B-2382-40A1-A3B1-C47E37A47B45}.Release|Any CPU.Build.0 = Release|Any CPU
	EndGlobalSection
	GlobalSection(SolutionProperties) = preSolution
		HideSolutionNode = FALSE
	EndGlobalSection
	GlobalSection(ExtensibilityGlobals) = postSolution
		SolutionGuid = {7F8CCFD2-B0A9-4071-AA42-91969351C38F}
	EndGlobalSection
EndGlobal
